// !$*UTF8*$!
{
	archiveVersion = 1;
	classes = {
	};
	objectVersion = 56;
	objects = {

/* Begin PBXBuildFile section */
		CA31CD012D1C6CCF00977354 /* ApprutasApp.swift in Sources */ = {isa = PBXBuildFile; fileRef = CA31CD002D1C6CCF00977354 /* ApprutasApp.swift */; };
		CA31CD032D1C6CCF00977354 /* ContentView.swift in Sources */ = {isa = PBXBuildFile; fileRef = CA31CD022D1C6CCF00977354 /* ContentView.swift */; };
		CA31CD052D1C6CD100977354 /* Assets.xcassets in Resources */ = {isa = PBXBuildFile; fileRef = CA31CD042D1C6CD100977354 /* Assets.xcassets */; };
		CA31CD082D1C6CD100977354 /* Preview Assets.xcassets in Resources */ = {isa = PBXBuildFile; fileRef = CA31CD072D1C6CD100977354 /* Preview Assets.xcassets */; };
		CAA9B8F62D1C6DF600AAC073 /* OnboardingContentView.swift in Sources */ = {isa = PBXBuildFile; fileRef = CAA9B8E42D1C6DF600AAC073 /* OnboardingContentView.swift */; };
		CAA9B8F72D1C6DF600AAC073 /* OnboardingData.swift in Sources */ = {isa = PBXBuildFile; fileRef = CAA9B8E52D1C6DF600AAC073 /* OnboardingData.swift */; };
		CAA9B8F82D1C6DF600AAC073 /* OnboardingView.swift in Sources */ = {isa = PBXBuildFile; fileRef = CAA9B8E62D1C6DF600AAC073 /* OnboardingView.swift */; };
		CAA9B8F92D1C6DF600AAC073 /* EditProfileView.swift in Sources */ = {isa = PBXBuildFile; fileRef = CAA9B8E82D1C6DF600AAC073 /* EditProfileView.swift */; };
		CAA9B8FA2D1C6DF600AAC073 /* ImagePicker.swift in Sources */ = {isa = PBXBuildFile; fileRef = CAA9B8E92D1C6DF600AAC073 /* ImagePicker.swift */; };
		CAA9B8FB2D1C6DF600AAC073 /* ProfileView.swift in Sources */ = {isa = PBXBuildFile; fileRef = CAA9B8EA2D1C6DF600AAC073 /* ProfileView.swift */; };
		CAA9B8FC2D1C6DF600AAC073 /* UserProfile.swift in Sources */ = {isa = PBXBuildFile; fileRef = CAA9B8EB2D1C6DF600AAC073 /* UserProfile.swift */; };
		CAA9B8FD2D1C6DF600AAC073 /* SettingsView.swift in Sources */ = {isa = PBXBuildFile; fileRef = CAA9B8ED2D1C6DF600AAC073 /* SettingsView.swift */; };
		CAA9B8FE2D1C6DF600AAC073 /* Theme.swift in Sources */ = {isa = PBXBuildFile; fileRef = CAA9B8EE2D1C6DF600AAC073 /* Theme.swift */; };
		CAA9B8FF2D1C6DF600AAC073 /* ThemeManager.swift in Sources */ = {isa = PBXBuildFile; fileRef = CAA9B8EF2D1C6DF600AAC073 /* ThemeManager.swift */; };
		CAA9B9002D1C6DF600AAC073 /* LoginView.swift in Sources */ = {isa = PBXBuildFile; fileRef = CAA9B8F12D1C6DF600AAC073 /* LoginView.swift */; };
		CAA9B9012D1C6DF600AAC073 /* RouteView.swift in Sources */ = {isa = PBXBuildFile; fileRef = CAA9B8F32D1C6DF600AAC073 /* RouteView.swift */; };
/* End PBXBuildFile section */

/* Begin PBXFileReference section */
		CA31CCFD2D1C6CCF00977354 /* Apprutas.app */ = {isa = PBXFileReference; explicitFileType = wrapper.application; includeInIndex = 0; path = Apprutas.app; sourceTree = BUILT_PRODUCTS_DIR; };
		CA31CD002D1C6CCF00977354 /* ApprutasApp.swift */ = {isa = PBXFileReference; lastKnownFileType = sourcecode.swift; path = ApprutasApp.swift; sourceTree = "<group>"; };
		CA31CD022D1C6CCF00977354 /* ContentView.swift */ = {isa = PBXFileReference; lastKnownFileType = sourcecode.swift; path = ContentView.swift; sourceTree = "<group>"; };
		CA31CD042D1C6CD100977354 /* Assets.xcassets */ = {isa = PBXFileReference; lastKnownFileType = folder.assetcatalog; path = Assets.xcassets; sourceTree = "<group>"; };
		CA31CD072D1C6CD100977354 /* Preview Assets.xcassets */ = {isa = PBXFileReference; lastKnownFileType = folder.assetcatalog; path = "Preview Assets.xcassets"; sourceTree = "<group>"; };
		CAA9B8E22D1C6DF600AAC073 /* Preview Assets.xcassets */ = {isa = PBXFileReference; lastKnownFileType = folder.assetcatalog; path = "Preview Assets.xcassets"; sourceTree = "<group>"; };
		CAA9B8E42D1C6DF600AAC073 /* OnboardingContentView.swift */ = {isa = PBXFileReference; fileEncoding = 4; lastKnownFileType = sourcecode.swift; path = OnboardingContentView.swift; sourceTree = "<group>"; };
		CAA9B8E52D1C6DF600AAC073 /* OnboardingData.swift */ = {isa = PBXFileReference; fileEncoding = 4; lastKnownFileType = sourcecode.swift; path = OnboardingData.swift; sourceTree = "<group>"; };
		CAA9B8E62D1C6DF600AAC073 /* OnboardingView.swift */ = {isa = PBXFileReference; fileEncoding = 4; lastKnownFileType = sourcecode.swift; path = OnboardingView.swift; sourceTree = "<group>"; };
		CAA9B8E82D1C6DF600AAC073 /* EditProfileView.swift */ = {isa = PBXFileReference; fileEncoding = 4; lastKnownFileType = sourcecode.swift; path = EditProfileView.swift; sourceTree = "<group>"; };
		CAA9B8E92D1C6DF600AAC073 /* ImagePicker.swift */ = {isa = PBXFileReference; fileEncoding = 4; lastKnownFileType = sourcecode.swift; path = ImagePicker.swift; sourceTree = "<group>"; };
		CAA9B8EA2D1C6DF600AAC073 /* ProfileView.swift */ = {isa = PBXFileReference; fileEncoding = 4; lastKnownFileType = sourcecode.swift; path = ProfileView.swift; sourceTree = "<group>"; };
		CAA9B8EB2D1C6DF600AAC073 /* UserProfile.swift */ = {isa = PBXFileReference; fileEncoding = 4; lastKnownFileType = sourcecode.swift; path = UserProfile.swift; sourceTree = "<group>"; };
		CAA9B8ED2D1C6DF600AAC073 /* SettingsView.swift */ = {isa = PBXFileReference; fileEncoding = 4; lastKnownFileType = sourcecode.swift; path = SettingsView.swift; sourceTree = "<group>"; };
		CAA9B8EE2D1C6DF600AAC073 /* Theme.swift */ = {isa = PBXFileReference; fileEncoding = 4; lastKnownFileType = sourcecode.swift; path = Theme.swift; sourceTree = "<group>"; };
		CAA9B8EF2D1C6DF600AAC073 /* ThemeManager.swift */ = {isa = PBXFileReference; fileEncoding = 4; lastKnownFileType = sourcecode.swift; path = ThemeManager.swift; sourceTree = "<group>"; };
		CAA9B8F12D1C6DF600AAC073 /* LoginView.swift */ = {isa = PBXFileReference; fileEncoding = 4; lastKnownFileType = sourcecode.swift; path = LoginView.swift; sourceTree = "<group>"; };
		CAA9B8F32D1C6DF600AAC073 /* RouteView.swift */ = {isa = PBXFileReference; fileEncoding = 4; lastKnownFileType = sourcecode.swift; path = RouteView.swift; sourceTree = "<group>"; };
/* End PBXFileReference section */

/* Begin PBXFrameworksBuildPhase section */
		CA31CCFA2D1C6CCF00977354 /* Frameworks */ = {
			isa = PBXFrameworksBuildPhase;
			buildActionMask = 2147483647;
			files = (
			);
			runOnlyForDeploymentPostprocessing = 0;
		};
/* End PBXFrameworksBuildPhase section */

/* Begin PBXGroup section */
		CA31CCF42D1C6CCF00977354 = {
			isa = PBXGroup;
			children = (
				CA31CCFF2D1C6CCF00977354 /* Apprutas */,
				CA31CCFE2D1C6CCF00977354 /* Products */,
			);
			sourceTree = "<group>";
		};
		CA31CCFE2D1C6CCF00977354 /* Products */ = {
			isa = PBXGroup;
			children = (
				CA31CCFD2D1C6CCF00977354 /* Apprutas.app */,
			);
			name = Products;
			sourceTree = "<group>";
		};
		CA31CCFF2D1C6CCF00977354 /* Apprutas */ = {
			isa = PBXGroup;
			children = (
				CAA9B8F22D1C6DF600AAC073 /* Authorization */,
				CAA9B8E72D1C6DF600AAC073 /* Onboarding */,
				CAA9B8F42D1C6DF600AAC073 /* Page */,
				CAA9B8E32D1C6DF600AAC073 /* Preview Content */,
				CAA9B8EC2D1C6DF600AAC073 /* Profile */,
				CAA9B8F02D1C6DF600AAC073 /* Settings */,
				CA31CD002D1C6CCF00977354 /* ApprutasApp.swift */,
				CA31CD022D1C6CCF00977354 /* ContentView.swift */,
				CA31CD042D1C6CD100977354 /* Assets.xcassets */,
				CA31CD062D1C6CD100977354 /* Preview Content */,
			);
			path = Apprutas;
			sourceTree = "<group>";
		};
		CA31CD062D1C6CD100977354 /* Preview Content */ = {
			isa = PBXGroup;
			children = (
				CA31CD072D1C6CD100977354 /* Preview Assets.xcassets */,
			);
			path = "Preview Content";
			sourceTree = "<group>";
		};
		CAA9B8E32D1C6DF600AAC073 /* Preview Content */ = {
			isa = PBXGroup;
			children = (
				CAA9B8E22D1C6DF600AAC073 /* Preview Assets.xcassets */,
			);
			path = "Preview Content";
			sourceTree = "<group>";
		};
		CAA9B8E72D1C6DF600AAC073 /* Onboarding */ = {
			isa = PBXGroup;
			children = (
				CAA9B8E42D1C6DF600AAC073 /* OnboardingContentView.swift */,
				CAA9B8E52D1C6DF600AAC073 /* OnboardingData.swift */,
				CAA9B8E62D1C6DF600AAC073 /* OnboardingView.swift */,
			);
			path = Onboarding;
			sourceTree = "<group>";
		};
		CAA9B8EC2D1C6DF600AAC073 /* Profile */ = {
			isa = PBXGroup;
			children = (
				CAA9B8E82D1C6DF600AAC073 /* EditProfileView.swift */,
				CAA9B8E92D1C6DF600AAC073 /* ImagePicker.swift */,
				CAA9B8EA2D1C6DF600AAC073 /* ProfileView.swift */,
				CAA9B8EB2D1C6DF600AAC073 /* UserProfile.swift */,
			);
			path = Profile;
			sourceTree = "<group>";
		};
		CAA9B8F02D1C6DF600AAC073 /* Settings */ = {
			isa = PBXGroup;
			children = (
				CAA9B8ED2D1C6DF600AAC073 /* SettingsView.swift */,
				CAA9B8EE2D1C6DF600AAC073 /* Theme.swift */,
				CAA9B8EF2D1C6DF600AAC073 /* ThemeManager.swift */,
			);
			path = Settings;
			sourceTree = "<group>";
		};
		CAA9B8F22D1C6DF600AAC073 /* Authorization */ = {
			isa = PBXGroup;
			children = (
				CAA9B8F12D1C6DF600AAC073 /* LoginView.swift */,
			);
			path = Authorization;
			sourceTree = "<group>";
		};
		CAA9B8F42D1C6DF600AAC073 /* Page */ = {
			isa = PBXGroup;
			children = (
				CAA9B8F32D1C6DF600AAC073 /* RouteView.swift */,
			);
			path = Page;
			sourceTree = "<group>";
		};
/* End PBXGroup section */

/* Begin PBXNativeTarget section */
		CA31CCFC2D1C6CCF00977354 /* Apprutas */ = {
			isa = PBXNativeTarget;
			buildConfigurationList = CA31CD0B2D1C6CD100977354 /* Build configuration list for PBXNativeTarget "Apprutas" */;
			buildPhases = (
				CA31CCF92D1C6CCF00977354 /* Sources */,
				CA31CCFA2D1C6CCF00977354 /* Frameworks */,
				CA31CCFB2D1C6CCF00977354 /* Resources */,
			);
			buildRules = (
			);
			dependencies = (
			);
			name = Apprutas;
			productName = Apprutas;
			productReference = CA31CCFD2D1C6CCF00977354 /* Apprutas.app */;
			productType = "com.apple.product-type.application";
		};
/* End PBXNativeTarget section */

/* Begin PBXProject section */
		CA31CCF52D1C6CCF00977354 /* Project object */ = {
			isa = PBXProject;
			attributes = {
				BuildIndependentTargetsInParallel = 1;
				LastSwiftUpdateCheck = 1540;
				LastUpgradeCheck = 1540;
				TargetAttributes = {
					CA31CCFC2D1C6CCF00977354 = {
						CreatedOnToolsVersion = 15.4;
					};
				};
			};
			buildConfigurationList = CA31CCF82D1C6CCF00977354 /* Build configuration list for PBXProject "Apprutas" */;
			compatibilityVersion = "Xcode 14.0";
			developmentRegion = en;
			hasScannedForEncodings = 0;
			knownRegions = (
				en,
				Base,
			);
			mainGroup = CA31CCF42D1C6CCF00977354;
			productRefGroup = CA31CCFE2D1C6CCF00977354 /* Products */;
			projectDirPath = "";
			projectRoot = "";
			targets = (
				CA31CCFC2D1C6CCF00977354 /* Apprutas */,
			);
		};
/* End PBXProject section */

/* Begin PBXResourcesBuildPhase section */
		CA31CCFB2D1C6CCF00977354 /* Resources */ = {
			isa = PBXResourcesBuildPhase;
			buildActionMask = 2147483647;
			files = (
				CA31CD082D1C6CD100977354 /* Preview Assets.xcassets in Resources */,
				CA31CD052D1C6CD100977354 /* Assets.xcassets in Resources */,
			);
			runOnlyForDeploymentPostprocessing = 0;
		};
/* End PBXResourcesBuildPhase section */

/* Begin PBXSourcesBuildPhase section */
		CA31CCF92D1C6CCF00977354 /* Sources */ = {
			isa = PBXSourcesBuildPhase;
			buildActionMask = 2147483647;
			files = (
				CAA9B8FB2D1C6DF600AAC073 /* ProfileView.swift in Sources */,
				CAA9B8F92D1C6DF600AAC073 /* EditProfileView.swift in Sources */,
				CAA9B8F72D1C6DF600AAC073 /* OnboardingData.swift in Sources */,
				CA31CD032D1C6CCF00977354 /* ContentView.swift in Sources */,
				CAA9B8FE2D1C6DF600AAC073 /* Theme.swift in Sources */,
				CAA9B8FA2D1C6DF600AAC073 /* ImagePicker.swift in Sources */,
				CAA9B8FD2D1C6DF600AAC073 /* SettingsView.swift in Sources */,
				CA31CD012D1C6CCF00977354 /* ApprutasApp.swift in Sources */,
				CAA9B9012D1C6DF600AAC073 /* RouteView.swift in Sources */,
				CAA9B8F82D1C6DF600AAC073 /* OnboardingView.swift in Sources */,
				CAA9B8F62D1C6DF600AAC073 /* OnboardingContentView.swift in Sources */,
				CAA9B9002D1C6DF600AAC073 /* LoginView.swift in Sources */,
				CAA9B8FC2D1C6DF600AAC073 /* UserProfile.swift in Sources */,
				CAA9B8FF2D1C6DF600AAC073 /* ThemeManager.swift in Sources */,
			);
			runOnlyForDeploymentPostprocessing = 0;
		};
/* End PBXSourcesBuildPhase section */

/* Begin XCBuildConfiguration section */
		CA31CD092D1C6CD100977354 /* Debug */ = {
			isa = XCBuildConfiguration;
			buildSettings = {
				ALWAYS_SEARCH_USER_PATHS = NO;
				ASSETCATALOG_COMPILER_GENERATE_SWIFT_ASSET_SYMBOL_EXTENSIONS = YES;
				CLANG_ANALYZER_NONNULL = YES;
				CLANG_ANALYZER_NUMBER_OBJECT_CONVERSION = YES_AGGRESSIVE;
				CLANG_CXX_LANGUAGE_STANDARD = "gnu++20";
				CLANG_ENABLE_MODULES = YES;
				CLANG_ENABLE_OBJC_ARC = YES;
				CLANG_ENABLE_OBJC_WEAK = YES;
				CLANG_WARN_BLOCK_CAPTURE_AUTORELEASING = YES;
				CLANG_WARN_BOOL_CONVERSION = YES;
				CLANG_WARN_COMMA = YES;
				CLANG_WARN_CONSTANT_CONVERSION = YES;
				CLANG_WARN_DEPRECATED_OBJC_IMPLEMENTATIONS = YES;
				CLANG_WARN_DIRECT_OBJC_ISA_USAGE = YES_ERROR;
				CLANG_WARN_DOCUMENTATION_COMMENTS = YES;
				CLANG_WARN_EMPTY_BODY = YES;
				CLANG_WARN_ENUM_CONVERSION = YES;
				CLANG_WARN_INFINITE_RECURSION = YES;
				CLANG_WARN_INT_CONVERSION = YES;
				CLANG_WARN_NON_LITERAL_NULL_CONVERSION = YES;
				CLANG_WARN_OBJC_IMPLICIT_RETAIN_SELF = YES;
				CLANG_WARN_OBJC_LITERAL_CONVERSION = YES;
				CLANG_WARN_OBJC_ROOT_CLASS = YES_ERROR;
				CLANG_WARN_QUOTED_INCLUDE_IN_FRAMEWORK_HEADER = YES;
				CLANG_WARN_RANGE_LOOP_ANALYSIS = YES;
				CLANG_WARN_STRICT_PROTOTYPES = YES;
				CLANG_WARN_SUSPICIOUS_MOVE = YES;
				CLANG_WARN_UNGUARDED_AVAILABILITY = YES_AGGRESSIVE;
				CLANG_WARN_UNREACHABLE_CODE = YES;
				CLANG_WARN__DUPLICATE_METHOD_MATCH = YES;
				COPY_PHASE_STRIP = NO;
				DEBUG_INFORMATION_FORMAT = dwarf;
				ENABLE_STRICT_OBJC_MSGSEND = YES;
				ENABLE_TESTABILITY = YES;
				ENABLE_USER_SCRIPT_SANDBOXING = YES;
				GCC_C_LANGUAGE_STANDARD = gnu17;
				GCC_DYNAMIC_NO_PIC = NO;
				GCC_NO_COMMON_BLOCKS = YES;
				GCC_OPTIMIZATION_LEVEL = 0;
				GCC_PREPROCESSOR_DEFINITIONS = (
					"DEBUG=1",
					"$(inherited)",
				);
				GCC_WARN_64_TO_32_BIT_CONVERSION = YES;
				GCC_WARN_ABOUT_RETURN_TYPE = YES_ERROR;
				GCC_WARN_UNDECLARED_SELECTOR = YES;
				GCC_WARN_UNINITIALIZED_AUTOS = YES_AGGRESSIVE;
				GCC_WARN_UNUSED_FUNCTION = YES;
				GCC_WARN_UNUSED_VARIABLE = YES;
				IPHONEOS_DEPLOYMENT_TARGET = 17.5;
				LOCALIZATION_PREFERS_STRING_CATALOGS = YES;
				MTL_ENABLE_DEBUG_INFO = INCLUDE_SOURCE;
				MTL_FAST_MATH = YES;
				ONLY_ACTIVE_ARCH = YES;
				SDKROOT = iphoneos;
				SWIFT_ACTIVE_COMPILATION_CONDITIONS = "DEBUG $(inherited)";
				SWIFT_OPTIMIZATION_LEVEL = "-Onone";
			};
			name = Debug;
		};
		CA31CD0A2D1C6CD100977354 /* Release */ = {
			isa = XCBuildConfiguration;
			buildSettings = {
				ALWAYS_SEARCH_USER_PATHS = NO;
				ASSETCATALOG_COMPILER_GENERATE_SWIFT_ASSET_SYMBOL_EXTENSIONS = YES;
				CLANG_ANALYZER_NONNULL = YES;
				CLANG_ANALYZER_NUMBER_OBJECT_CONVERSION = YES_AGGRESSIVE;
				CLANG_CXX_LANGUAGE_STANDARD = "gnu++20";
				CLANG_ENABLE_MODULES = YES;
				CLANG_ENABLE_OBJC_ARC = YES;
				CLANG_ENABLE_OBJC_WEAK = YES;
				CLANG_WARN_BLOCK_CAPTURE_AUTORELEASING = YES;
				CLANG_WARN_BOOL_CONVERSION = YES;
				CLANG_WARN_COMMA = YES;
				CLANG_WARN_CONSTANT_CONVERSION = YES;
				CLANG_WARN_DEPRECATED_OBJC_IMPLEMENTATIONS = YES;
				CLANG_WARN_DIRECT_OBJC_ISA_USAGE = YES_ERROR;
				CLANG_WARN_DOCUMENTATION_COMMENTS = YES;
				CLANG_WARN_EMPTY_BODY = YES;
				CLANG_WARN_ENUM_CONVERSION = YES;
				CLANG_WARN_INFINITE_RECURSION = YES;
				CLANG_WARN_INT_CONVERSION = YES;
				CLANG_WARN_NON_LITERAL_NULL_CONVERSION = YES;
				CLANG_WARN_OBJC_IMPLICIT_RETAIN_SELF = YES;
				CLANG_WARN_OBJC_LITERAL_CONVERSION = YES;
				CLANG_WARN_OBJC_ROOT_CLASS = YES_ERROR;
				CLANG_WARN_QUOTED_INCLUDE_IN_FRAMEWORK_HEADER = YES;
				CLANG_WARN_RANGE_LOOP_ANALYSIS = YES;
				CLANG_WARN_STRICT_PROTOTYPES = YES;
				CLANG_WARN_SUSPICIOUS_MOVE = YES;
				CLANG_WARN_UNGUARDED_AVAILABILITY = YES_AGGRESSIVE;
				CLANG_WARN_UNREACHABLE_CODE = YES;
				CLANG_WARN__DUPLICATE_METHOD_MATCH = YES;
				COPY_PHASE_STRIP = NO;
				DEBUG_INFORMATION_FORMAT = "dwarf-with-dsym";
				ENABLE_NS_ASSERTIONS = NO;
				ENABLE_STRICT_OBJC_MSGSEND = YES;
				ENABLE_USER_SCRIPT_SANDBOXING = YES;
				GCC_C_LANGUAGE_STANDARD = gnu17;
				GCC_NO_COMMON_BLOCKS = YES;
				GCC_WARN_64_TO_32_BIT_CONVERSION = YES;
				GCC_WARN_ABOUT_RETURN_TYPE = YES_ERROR;
				GCC_WARN_UNDECLARED_SELECTOR = YES;
				GCC_WARN_UNINITIALIZED_AUTOS = YES_AGGRESSIVE;
				GCC_WARN_UNUSED_FUNCTION = YES;
				GCC_WARN_UNUSED_VARIABLE = YES;
				IPHONEOS_DEPLOYMENT_TARGET = 17.5;
				LOCALIZATION_PREFERS_STRING_CATALOGS = YES;
				MTL_ENABLE_DEBUG_INFO = NO;
				MTL_FAST_MATH = YES;
				SDKROOT = iphoneos;
				SWIFT_COMPILATION_MODE = wholemodule;
				VALIDATE_PRODUCT = YES;
			};
			name = Release;
		};
		CA31CD0C2D1C6CD100977354 /* Debug */ = {
			isa = XCBuildConfiguration;
			buildSettings = {
				ASSETCATALOG_COMPILER_APPICON_NAME = AppIcon;
				ASSETCATALOG_COMPILER_GLOBAL_ACCENT_COLOR_NAME = AccentColor;
				CODE_SIGN_STYLE = Automatic;
				CURRENT_PROJECT_VERSION = 1;
				DEVELOPMENT_ASSET_PATHS = "\"Apprutas/Preview Content\"";
				DEVELOPMENT_TEAM = 44292L6ZVB;
				ENABLE_PREVIEWS = YES;
				GENERATE_INFOPLIST_FILE = YES;
				INFOPLIST_KEY_UIApplicationSceneManifest_Generation = YES;
				INFOPLIST_KEY_UIApplicationSupportsIndirectInputEvents = YES;
				INFOPLIST_KEY_UILaunchScreen_Generation = YES;
				INFOPLIST_KEY_UISupportedInterfaceOrientations_iPad = "UIInterfaceOrientationPortrait UIInterfaceOrientationPortraitUpsideDown UIInterfaceOrientationLandscapeLeft UIInterfaceOrientationLandscapeRight";
				INFOPLIST_KEY_UISupportedInterfaceOrientations_iPhone = "UIInterfaceOrientationPortrait UIInterfaceOrientationLandscapeLeft UIInterfaceOrientationLandscapeRight";
				LD_RUNPATH_SEARCH_PATHS = (
					"$(inherited)",
					"@executable_path/Frameworks",
				);
				MARKETING_VERSION = 1.0;
				PRODUCT_BUNDLE_IDENTIFIER = HSE.Apprutas;
				PRODUCT_NAME = "$(TARGET_NAME)";
				SWIFT_EMIT_LOC_STRINGS = YES;
				SWIFT_VERSION = 5.0;
				TARGETED_DEVICE_FAMILY = "1,2";
			};
			name = Debug;
		};
		CA31CD0D2D1C6CD100977354 /* Release */ = {
			isa = XCBuildConfiguration;
			buildSettings = {
				ASSETCATALOG_COMPILER_APPICON_NAME = AppIcon;
				ASSETCATALOG_COMPILER_GLOBAL_ACCENT_COLOR_NAME = AccentColor;
				CODE_SIGN_STYLE = Automatic;
				CURRENT_PROJECT_VERSION = 1;
				DEVELOPMENT_ASSET_PATHS = "\"Apprutas/Preview Content\"";
				DEVELOPMENT_TEAM = 44292L6ZVB;
				ENABLE_PREVIEWS = YES;
				GENERATE_INFOPLIST_FILE = YES;
				INFOPLIST_KEY_UIApplicationSceneManifest_Generation = YES;
				INFOPLIST_KEY_UIApplicationSupportsIndirectInputEvents = YES;
				INFOPLIST_KEY_UILaunchScreen_Generation = YES;
				INFOPLIST_KEY_UISupportedInterfaceOrientations_iPad = "UIInterfaceOrientationPortrait UIInterfaceOrientationPortraitUpsideDown UIInterfaceOrientationLandscapeLeft UIInterfaceOrientationLandscapeRight";
				INFOPLIST_KEY_UISupportedInterfaceOrientations_iPhone = "UIInterfaceOrientationPortrait UIInterfaceOrientationLandscapeLeft UIInterfaceOrientationLandscapeRight";
				LD_RUNPATH_SEARCH_PATHS = (
					"$(inherited)",
					"@executable_path/Frameworks",
				);
				MARKETING_VERSION = 1.0;
				PRODUCT_BUNDLE_IDENTIFIER = HSE.Apprutas;
				PRODUCT_NAME = "$(TARGET_NAME)";
				SWIFT_EMIT_LOC_STRINGS = YES;
				SWIFT_VERSION = 5.0;
				TARGETED_DEVICE_FAMILY = "1,2";
			};
			name = Release;
		};
/* End XCBuildConfiguration section */

/* Begin XCConfigurationList section */
		CA31CCF82D1C6CCF00977354 /* Build configuration list for PBXProject "Apprutas" */ = {
			isa = XCConfigurationList;
			buildConfigurations = (
				CA31CD092D1C6CD100977354 /* Debug */,
				CA31CD0A2D1C6CD100977354 /* Release */,
			);
			defaultConfigurationIsVisible = 0;
			defaultConfigurationName = Release;
		};
		CA31CD0B2D1C6CD100977354 /* Build configuration list for PBXNativeTarget "Apprutas" */ = {
			isa = XCConfigurationList;
			buildConfigurations = (
				CA31CD0C2D1C6CD100977354 /* Debug */,
				CA31CD0D2D1C6CD100977354 /* Release */,
			);
			defaultConfigurationIsVisible = 0;
			defaultConfigurationName = Release;
		};
/* End XCConfigurationList section */
	};
	rootObject = CA31CCF52D1C6CCF00977354 /* Project object */;
}
